hash: db2a3775965d633744c642b0c76863a60d2271dd23dc2169fc8c10d044676921
updated: 2016-08-22T16:02:46.960479594+10:00
imports:
- name: github.com/benhinchley/files
  version: 953a8389c7c307159813f14e77929e4c0fef8719
- name: github.com/robertkrimen/otto
  version: 7d9cbc2befca39869eb0e5bcb0f44c0692c2f8ff
  subpackages:
  - parser
  - ast
  - dbg
  - file
  - registry
  - token
- name: gopkg.in/sourcemap.v1
  version: 8cd1e2e0ddc78dcb4511bcb184d23171bed15c67
  subpackages:
  - base64vlq
testImports: []
